
Microsoft Visual Studio Solution File, Format Version 12.00
# Visual Studio Version 17
VisualStudioVersion = 17.4.33403.182
MinimumVisualStudioVersion = 10.0.40219.1
Project("{FAE04EC0-301F-11D3-BF4B-00C04F79EFBC}") = "SIS_TP", "SIS_TP\SIS_TP.csproj", "{DD249F0C-B5B5-4FD5-9212-EEC1E03B42A0}"
EndProject
Global
	GlobalSection(SolutionConfigurationPlatforms) = preSolution
		Debug|Any CPU = Debug|Any CPU
		Release|Any CPU = Release|Any CPU
	EndGlobalSection
	GlobalSection(ProjectConfigurationPlatforms) = postSolution
		{DD249F0C-B5B5-4FD5-9212-EEC1E03B42A0}.Debug|Any CPU.ActiveCfg = Debug|Any CPU
		{DD249F0C-B5B5-4FD5-9212-EEC1E03B42A0}.Debug|Any CPU.Build.0 = Debug|Any CPU
		{DD249F0C-B5B5-4FD5-9212-EEC1E03B42A0}.Release|Any CPU.ActiveCfg = Release|Any CPU
		{DD249F0C-B5B5-4FD5-9212-EEC1E03B42A0}.Release|Any CPU.Build.0 = Release|Any CPU
	EndGlobalSection
	GlobalSection(SolutionProperties) = preSolution
		HideSolutionNode = FALSE
	EndGlobalSection
	GlobalSection(ExtensibilityGlobals) = postSolution
		SolutionGuid = {C83BEFAD-8E2D-46BE-B3B2-6A4288DCDEBE}
	EndGlobalSection
EndGlobal
